
Microsoft Visual Studio Solution File, Format Version 12.00
# Visual Studio 15
VisualStudioVersion = 15.0.27428.2015
MinimumVisualStudioVersion = 10.0.40219.1
Project("{FAE04EC0-301F-11D3-BF4B-00C04F79EFBC}") = "Issue.FullFramework", "Issue.FullFramework\Issue.FullFramework.csproj", "{BDAD471B-931F-4684-BC18-0C39359F19B2}"
EndProject
Project("{FAE04EC0-301F-11D3-BF4B-00C04F79EFBC}") = "Issue.Core", "Issue.Core\Issue.Core.csproj", "{ED475126-1AEA-4D4D-826F-B3293D2455D5}"
EndProject
Global
	GlobalSection(SolutionConfigurationPlatforms) = preSolution
		Debug|Any CPU = Debug|Any CPU
		Release|Any CPU = Release|Any CPU
	EndGlobalSection
	GlobalSection(ProjectConfigurationPlatforms) = postSolution
		{BDAD471B-931F-4684-BC18-0C39359F19B2}.Debug|Any CPU.ActiveCfg = Debug|Any CPU
		{BDAD471B-931F-4684-BC18-0C39359F19B2}.Debug|Any CPU.Build.0 = Debug|Any CPU
		{BDAD471B-931F-4684-BC18-0C39359F19B2}.Release|Any CPU.ActiveCfg = Release|Any CPU
		{BDAD471B-931F-4684-BC18-0C39359F19B2}.Release|Any CPU.Build.0 = Release|Any CPU
		{ED475126-1AEA-4D4D-826F-B3293D2455D5}.Debug|Any CPU.ActiveCfg = Debug|Any CPU
		{ED475126-1AEA-4D4D-826F-B3293D2455D5}.Debug|Any CPU.Build.0 = Debug|Any CPU
		{ED475126-1AEA-4D4D-826F-B3293D2455D5}.Release|Any CPU.ActiveCfg = Release|Any CPU
		{ED475126-1AEA-4D4D-826F-B3293D2455D5}.Release|Any CPU.Build.0 = Release|Any CPU
	EndGlobalSection
	GlobalSection(SolutionProperties) = preSolution
		HideSolutionNode = FALSE
	EndGlobalSection
	GlobalSection(ExtensibilityGlobals) = postSolution
		SolutionGuid = {49E519AC-57B0-47FF-B4D1-D2670FA8B208}
	EndGlobalSection
EndGlobal
